
Microsoft Visual Studio Solution File, Format Version 12.00
# Visual Studio Version 16
VisualStudioVersion = 16.0.30104.148
MinimumVisualStudioVersion = 10.0.40219.1
Project("{FAE04EC0-301F-11D3-BF4B-00C04F79EFBC}") = "VRChatContainer", "VRChatContainer.csproj", "{466AAA1F-5AD8-496A-8518-9EAF0CAFA9D7}"
EndProject
Global
	GlobalSection(SolutionConfigurationPlatforms) = preSolution
		Debug|Any CPU = Debug|Any CPU
		Debug|x86 = Debug|x86
		Release|Any CPU = Release|Any CPU
		Release|x86 = Release|x86
	EndGlobalSection
	GlobalSection(ProjectConfigurationPlatforms) = postSolution
		{466AAA1F-5AD8-496A-8518-9EAF0CAFA9D7}.Debug|Any CPU.ActiveCfg = Debug|Any CPU
		{466AAA1F-5AD8-496A-8518-9EAF0CAFA9D7}.Debug|Any CPU.Build.0 = Debug|Any CPU
		{466AAA1F-5AD8-496A-8518-9EAF0CAFA9D7}.Debug|x86.ActiveCfg = Debug|x86
		{466AAA1F-5AD8-496A-8518-9EAF0CAFA9D7}.Debug|x86.Build.0 = Debug|x86
		{466AAA1F-5AD8-496A-8518-9EAF0CAFA9D7}.Release|Any CPU.ActiveCfg = Release|Any CPU
		{466AAA1F-5AD8-496A-8518-9EAF0CAFA9D7}.Release|Any CPU.Build.0 = Release|Any CPU
		{466AAA1F-5AD8-496A-8518-9EAF0CAFA9D7}.Release|x86.ActiveCfg = Release|x86
		{466AAA1F-5AD8-496A-8518-9EAF0CAFA9D7}.Release|x86.Build.0 = Release|x86
	EndGlobalSection
	GlobalSection(SolutionProperties) = preSolution
		HideSolutionNode = FALSE
	EndGlobalSection
	GlobalSection(ExtensibilityGlobals) = postSolution
		SolutionGuid = {1767BC93-46FB-4790-BB08-603A89A90B17}
	EndGlobalSection
EndGlobal
